{
    "hash": "771473b00eb6d0681708c9d899ff3db8",
    "packages": [
        {
            "package": "doctrine/common",
            "version": "2.2.2"
        },
        {
            "package": "kriswallsmith/buzz",
            "version": "v0.5"
        },
        {
            "package": "symfony/http-foundation",
            "version": "v2.0.12"
        }
    ],
    "packages-dev": null,
    "aliases": [

    ],
    "minimum-stability": "stable",
    "stability-flags": [

    ]
}
