{
    "hash": "7aa89b61ae9521593ef4e69ce1325cfa",
    "packages": [
        {
            "package": "doctrine/common",
            "version": "2.2.2"
        },
        {
            "package": "kriswallsmith/buzz",
            "version": "v0.5"
        },
        {
            "package": "symfony/http-foundation",
            "version": "v2.0.12"
        }
    ],
    "aliases": []
}
