{
    "hash": "51c7a143dafc80105e7463cc7cb9baa6",
    "packages": [
        {
            "package": "kriswallsmith/buzz",
            "version": "v0.5"
        },
        {
            "package": "symfony/http-foundation",
            "version": "v2.0.12"
        }
    ],
    "packages-dev": null,
    "aliases": [

    ],
    "minimum-stability": "stable",
    "stability-flags": [

    ]
}
